
Microsoft Visual Studio Solution File, Format Version 12.00
# Visual Studio Version 17
VisualStudioVersion = 17.5.33424.131
MinimumVisualStudioVersion = 10.0.40219.1
Project("{FAE04EC0-301F-11D3-BF4B-00C04F79EFBC}") = "MediaPi.Core", "MediaPi.Core\MediaPi.Core.csproj", "{C8D48598-6D6D-43F7-89C6-5F56D91D2593}"
EndProject
Project("{2150E333-8FDC-42A3-9474-1A3956D46DE8}") = "Solution Items", "Solution Items", "{8EC462FD-D22E-90A8-E5CE-7E832BA40C5D}"
	ProjectSection(SolutionItems) = preProject
		docker-compose-ghrc.yml = docker-compose-ghrc.yml
	EndProjectSection
EndProject
Project("{E53339B2-1760-4266-BCC7-CA923CBCF16C}") = "docker-compose", "docker-compose.dcproj", "{81DDED9D-158B-E303-5F62-77A2896D2A5A}"
EndProject
Project("{FAE04EC0-301F-11D3-BF4B-00C04F79EFBC}") = "MediaPi.Core.Tests", "MediaPi.Core.Tests\MediaPi.Core.Tests.csproj", "{BDD20CA5-96AB-FDF3-4AEA-885F3ADDC1B7}"
EndProject
Global
	GlobalSection(SolutionConfigurationPlatforms) = preSolution
		Debug|Any CPU = Debug|Any CPU
		Release|Any CPU = Release|Any CPU
	EndGlobalSection
	GlobalSection(ProjectConfigurationPlatforms) = postSolution
		{C8D48598-6D6D-43F7-89C6-5F56D91D2593}.Debug|Any CPU.ActiveCfg = Debug|Any CPU
		{C8D48598-6D6D-43F7-89C6-5F56D91D2593}.Debug|Any CPU.Build.0 = Debug|Any CPU
		{C8D48598-6D6D-43F7-89C6-5F56D91D2593}.Release|Any CPU.ActiveCfg = Release|Any CPU
		{C8D48598-6D6D-43F7-89C6-5F56D91D2593}.Release|Any CPU.Build.0 = Release|Any CPU
		{81DDED9D-158B-E303-5F62-77A2896D2A5A}.Debug|Any CPU.ActiveCfg = Debug|Any CPU
		{81DDED9D-158B-E303-5F62-77A2896D2A5A}.Debug|Any CPU.Build.0 = Debug|Any CPU
		{81DDED9D-158B-E303-5F62-77A2896D2A5A}.Release|Any CPU.ActiveCfg = Release|Any CPU
		{81DDED9D-158B-E303-5F62-77A2896D2A5A}.Release|Any CPU.Build.0 = Release|Any CPU
		{BDD20CA5-96AB-FDF3-4AEA-885F3ADDC1B7}.Debug|Any CPU.ActiveCfg = Debug|Any CPU
		{BDD20CA5-96AB-FDF3-4AEA-885F3ADDC1B7}.Debug|Any CPU.Build.0 = Debug|Any CPU
		{BDD20CA5-96AB-FDF3-4AEA-885F3ADDC1B7}.Release|Any CPU.ActiveCfg = Release|Any CPU
		{BDD20CA5-96AB-FDF3-4AEA-885F3ADDC1B7}.Release|Any CPU.Build.0 = Release|Any CPU
	EndGlobalSection
	GlobalSection(SolutionProperties) = preSolution
		HideSolutionNode = FALSE
	EndGlobalSection
	GlobalSection(ExtensibilityGlobals) = postSolution
		SolutionGuid = {23527514-B58D-48AB-8194-585EE5871D88}
	EndGlobalSection
EndGlobal
